# This file is generated by running "yarn install" inside your project.
# Manual changes might be lost - proceed with caution!

__metadata:
  version: 6

"advent-of-code-2022@workspace:.":
  version: 0.0.0-use.local
  resolution: "advent-of-code-2022@workspace:."
  languageName: unknown
  linkType: soft

"day-01@workspace:days/01":
  version: 0.0.0-use.local
  resolution: "day-01@workspace:days/01"
  languageName: unknown
  linkType: soft

"day-02@workspace:days/02":
  version: 0.0.0-use.local
  resolution: "day-02@workspace:days/02"
  languageName: unknown
  linkType: soft

"day-03@workspace:days/03":
  version: 0.0.0-use.local
  resolution: "day-03@workspace:days/03"
  languageName: unknown
  linkType: soft
